
Microsoft Visual Studio Solution File, Format Version 12.00
# Visual Studio Version 17
VisualStudioVersion = 17.10.35004.147
MinimumVisualStudioVersion = 10.0.40219.1
Project("{2150E333-8FDC-42A3-9474-1A3956D46DE8}") = "FrontEnd", "FrontEnd", "{95983483-9EAC-4DEB-8138-4523B2AD17EA}"
EndProject
Project("{2150E333-8FDC-42A3-9474-1A3956D46DE8}") = "Services", "Services", "{1CC8119A-FCE3-47DB-AC6A-D19880FFACDA}"
EndProject
Project("{9A19103F-16F7-4668-BE54-9A1E7A4F7556}") = "GeekShooping.ProductAPI", "GeekShooping.ProductAPI\GeekShooping.ProductAPI.csproj", "{3C08CE8B-1585-45D0-A743-827D35B4D151}"
EndProject
Project("{FAE04EC0-301F-11D3-BF4B-00C04F79EFBC}") = "GeekShooping.Web", "GeekShooping.Web\GeekShooping.Web.csproj", "{62630F7B-7D88-4B45-8ADD-49294A1B6A83}"
EndProject
Global
	GlobalSection(SolutionConfigurationPlatforms) = preSolution
		Debug|Any CPU = Debug|Any CPU
		Release|Any CPU = Release|Any CPU
	EndGlobalSection
	GlobalSection(ProjectConfigurationPlatforms) = postSolution
		{3C08CE8B-1585-45D0-A743-827D35B4D151}.Debug|Any CPU.ActiveCfg = Debug|Any CPU
		{3C08CE8B-1585-45D0-A743-827D35B4D151}.Debug|Any CPU.Build.0 = Debug|Any CPU
		{3C08CE8B-1585-45D0-A743-827D35B4D151}.Release|Any CPU.ActiveCfg = Release|Any CPU
		{3C08CE8B-1585-45D0-A743-827D35B4D151}.Release|Any CPU.Build.0 = Release|Any CPU
		{62630F7B-7D88-4B45-8ADD-49294A1B6A83}.Debug|Any CPU.ActiveCfg = Debug|Any CPU
		{62630F7B-7D88-4B45-8ADD-49294A1B6A83}.Debug|Any CPU.Build.0 = Debug|Any CPU
		{62630F7B-7D88-4B45-8ADD-49294A1B6A83}.Release|Any CPU.ActiveCfg = Release|Any CPU
		{62630F7B-7D88-4B45-8ADD-49294A1B6A83}.Release|Any CPU.Build.0 = Release|Any CPU
	EndGlobalSection
	GlobalSection(SolutionProperties) = preSolution
		HideSolutionNode = FALSE
	EndGlobalSection
	GlobalSection(NestedProjects) = preSolution
		{3C08CE8B-1585-45D0-A743-827D35B4D151} = {1CC8119A-FCE3-47DB-AC6A-D19880FFACDA}
		{62630F7B-7D88-4B45-8ADD-49294A1B6A83} = {95983483-9EAC-4DEB-8138-4523B2AD17EA}
	EndGlobalSection
	GlobalSection(ExtensibilityGlobals) = postSolution
		SolutionGuid = {65288E5E-940F-49EC-A393-628A6394625A}
	EndGlobalSection
EndGlobal
